
Microsoft Visual Studio Solution File, Format Version 12.00
# Visual Studio Version 17
VisualStudioVersion = 17.2.32630.192
MinimumVisualStudioVersion = 10.0.40219.1
Project("{FAE04EC0-301F-11D3-BF4B-00C04F79EFBC}") = "ReceiptScanner", "ReceiptScanner\ReceiptScanner.csproj", "{76207B38-E784-45FE-9186-0F36DC971158}"
EndProject
Global
	GlobalSection(SolutionConfigurationPlatforms) = preSolution
		Debug|Any CPU = Debug|Any CPU
		Release|Any CPU = Release|Any CPU
	EndGlobalSection
	GlobalSection(ProjectConfigurationPlatforms) = postSolution
		{76207B38-E784-45FE-9186-0F36DC971158}.Debug|Any CPU.ActiveCfg = Debug|Any CPU
		{76207B38-E784-45FE-9186-0F36DC971158}.Debug|Any CPU.Build.0 = Debug|Any CPU
		{76207B38-E784-45FE-9186-0F36DC971158}.Release|Any CPU.ActiveCfg = Release|Any CPU
		{76207B38-E784-45FE-9186-0F36DC971158}.Release|Any CPU.Build.0 = Release|Any CPU
	EndGlobalSection
	GlobalSection(SolutionProperties) = preSolution
		HideSolutionNode = FALSE
	EndGlobalSection
	GlobalSection(ExtensibilityGlobals) = postSolution
		SolutionGuid = {ADAE2A39-5ACD-4976-B719-8C582BBEFB64}
	EndGlobalSection
EndGlobal
